
Microsoft Visual Studio Solution File, Format Version 12.00
# Visual Studio Version 16
VisualStudioVersion = 16.0.33529.622
MinimumVisualStudioVersion = 10.0.40219.1
Project("{FAE04EC0-301F-11D3-BF4B-00C04F79EFBC}") = "Factory", "Factory\Factory.csproj", "{10C6CA5A-00BC-459E-B48B-973D85A98B78}"
EndProject
Global
	GlobalSection(SolutionConfigurationPlatforms) = preSolution
		Debug|Any CPU = Debug|Any CPU
		Release|Any CPU = Release|Any CPU
	EndGlobalSection
	GlobalSection(ProjectConfigurationPlatforms) = postSolution
		{10C6CA5A-00BC-459E-B48B-973D85A98B78}.Debug|Any CPU.ActiveCfg = Debug|Any CPU
		{10C6CA5A-00BC-459E-B48B-973D85A98B78}.Debug|Any CPU.Build.0 = Debug|Any CPU
		{10C6CA5A-00BC-459E-B48B-973D85A98B78}.Release|Any CPU.ActiveCfg = Release|Any CPU
		{10C6CA5A-00BC-459E-B48B-973D85A98B78}.Release|Any CPU.Build.0 = Release|Any CPU
	EndGlobalSection
	GlobalSection(SolutionProperties) = preSolution
		HideSolutionNode = FALSE
	EndGlobalSection
	GlobalSection(ExtensibilityGlobals) = postSolution
		SolutionGuid = {6CF7F4B2-9384-46A6-A744-1AE5AA740BB9}
	EndGlobalSection
EndGlobal
